
Microsoft Visual Studio Solution File, Format Version 12.00
# Visual Studio 15
VisualStudioVersion = 15.0.28010.2019
MinimumVisualStudioVersion = 10.0.40219.1
Project("{FAE04EC0-301F-11D3-BF4B-00C04F79EFBC}") = "ApiCuentas", "ApiCuentas\ApiCuentas.csproj", "{978C06BB-01AD-4CF8-9AB1-5AA6E3D639DA}"
EndProject
Global
	GlobalSection(SolutionConfigurationPlatforms) = preSolution
		Debug|Any CPU = Debug|Any CPU
		Release|Any CPU = Release|Any CPU
	EndGlobalSection
	GlobalSection(ProjectConfigurationPlatforms) = postSolution
		{978C06BB-01AD-4CF8-9AB1-5AA6E3D639DA}.Debug|Any CPU.ActiveCfg = Debug|Any CPU
		{978C06BB-01AD-4CF8-9AB1-5AA6E3D639DA}.Debug|Any CPU.Build.0 = Debug|Any CPU
		{978C06BB-01AD-4CF8-9AB1-5AA6E3D639DA}.Release|Any CPU.ActiveCfg = Release|Any CPU
		{978C06BB-01AD-4CF8-9AB1-5AA6E3D639DA}.Release|Any CPU.Build.0 = Release|Any CPU
	EndGlobalSection
	GlobalSection(SolutionProperties) = preSolution
		HideSolutionNode = FALSE
	EndGlobalSection
	GlobalSection(ExtensibilityGlobals) = postSolution
		SolutionGuid = {2345EDA7-13E0-456E-8B64-51A337E58722}
	EndGlobalSection
EndGlobal
